
Microsoft Visual Studio Solution File, Format Version 12.00
# Visual Studio Version 17
VisualStudioVersion = 17.11.35431.28
MinimumVisualStudioVersion = 10.0.40219.1
Project("{9A19103F-16F7-4668-BE54-9A1E7A4F7556}") = "TaskShare.API", "TaskShare.API\TaskShare.API.csproj", "{38BAEF73-ED61-43DA-B666-AA12150F0AB6}"
EndProject
Project("{9A19103F-16F7-4668-BE54-9A1E7A4F7556}") = "TaskShare.Application", "TaskShare.Application\TaskShare.Application.csproj", "{76E16F76-3CD6-4497-A9FF-256D675D6DBD}"
EndProject
Project("{9A19103F-16F7-4668-BE54-9A1E7A4F7556}") = "TaskShare.Infrastructure", "TaskShare.Infrastructure\TaskShare.Infrastructure.csproj", "{BE38A6BF-9095-4C1D-A885-168BB4953651}"
EndProject
Project("{9A19103F-16F7-4668-BE54-9A1E7A4F7556}") = "TaskShare.Core", "TaskShare.Core\TaskShare.Core.csproj", "{8139EDFD-E13A-4264-A520-45224A016F5B}"
EndProject
Project("{E53339B2-1760-4266-BCC7-CA923CBCF16C}") = "docker-compose", "docker-compose.dcproj", "{32746B5A-9DEE-4985-8C61-4AE0BA247965}"
EndProject
Global
	GlobalSection(SolutionConfigurationPlatforms) = preSolution
		Debug|Any CPU = Debug|Any CPU
		Release|Any CPU = Release|Any CPU
	EndGlobalSection
	GlobalSection(ProjectConfigurationPlatforms) = postSolution
		{38BAEF73-ED61-43DA-B666-AA12150F0AB6}.Debug|Any CPU.ActiveCfg = Debug|Any CPU
		{38BAEF73-ED61-43DA-B666-AA12150F0AB6}.Debug|Any CPU.Build.0 = Debug|Any CPU
		{38BAEF73-ED61-43DA-B666-AA12150F0AB6}.Release|Any CPU.ActiveCfg = Release|Any CPU
		{38BAEF73-ED61-43DA-B666-AA12150F0AB6}.Release|Any CPU.Build.0 = Release|Any CPU
		{76E16F76-3CD6-4497-A9FF-256D675D6DBD}.Debug|Any CPU.ActiveCfg = Debug|Any CPU
		{76E16F76-3CD6-4497-A9FF-256D675D6DBD}.Debug|Any CPU.Build.0 = Debug|Any CPU
		{76E16F76-3CD6-4497-A9FF-256D675D6DBD}.Release|Any CPU.ActiveCfg = Release|Any CPU
		{76E16F76-3CD6-4497-A9FF-256D675D6DBD}.Release|Any CPU.Build.0 = Release|Any CPU
		{BE38A6BF-9095-4C1D-A885-168BB4953651}.Debug|Any CPU.ActiveCfg = Debug|Any CPU
		{BE38A6BF-9095-4C1D-A885-168BB4953651}.Debug|Any CPU.Build.0 = Debug|Any CPU
		{BE38A6BF-9095-4C1D-A885-168BB4953651}.Release|Any CPU.ActiveCfg = Release|Any CPU
		{BE38A6BF-9095-4C1D-A885-168BB4953651}.Release|Any CPU.Build.0 = Release|Any CPU
		{8139EDFD-E13A-4264-A520-45224A016F5B}.Debug|Any CPU.ActiveCfg = Debug|Any CPU
		{8139EDFD-E13A-4264-A520-45224A016F5B}.Debug|Any CPU.Build.0 = Debug|Any CPU
		{8139EDFD-E13A-4264-A520-45224A016F5B}.Release|Any CPU.ActiveCfg = Release|Any CPU
		{8139EDFD-E13A-4264-A520-45224A016F5B}.Release|Any CPU.Build.0 = Release|Any CPU
		{32746B5A-9DEE-4985-8C61-4AE0BA247965}.Debug|Any CPU.ActiveCfg = Debug|Any CPU
		{32746B5A-9DEE-4985-8C61-4AE0BA247965}.Debug|Any CPU.Build.0 = Debug|Any CPU
		{32746B5A-9DEE-4985-8C61-4AE0BA247965}.Release|Any CPU.ActiveCfg = Release|Any CPU
		{32746B5A-9DEE-4985-8C61-4AE0BA247965}.Release|Any CPU.Build.0 = Release|Any CPU
	EndGlobalSection
	GlobalSection(SolutionProperties) = preSolution
		HideSolutionNode = FALSE
	EndGlobalSection
	GlobalSection(ExtensibilityGlobals) = postSolution
		SolutionGuid = {2D54E00B-FE00-4A29-A8F7-7EFFDA30ED53}
	EndGlobalSection
EndGlobal
